PODS:
  - Alamofire (5.9.1)
  - KeychainAccess (4.2.2)
  - Pageboy (4.2.0)
  - Tabman (3.2.0):
    - Pageboy (~> 4.2.0)

DEPENDENCIES:
  - Alamofire
  - KeychainAccess
  - Tabman (~> 3.2)

SPEC REPOS:
  trunk:
    - Alamofire
    - KeychainAccess
    - Pageboy
    - Tabman

SPEC CHECKSUMS:
  Alamofire: f36a35757af4587d8e4f4bfa223ad10be2422b8c
  KeychainAccess: c0c4f7f38f6fc7bbe58f5702e25f7bd2f65abf51
  Pageboy: 7f7886f61c76633df635861bf7839caf2cabdb3e
  Tabman: 49f9181a2bfe5c29d002864dac2de8e0b7ea9180

PODFILE CHECKSUM: 0081d6944d7fe7cd6b1cf0fabe029224fb760480

COCOAPODS: 1.15.2
