// !$*UTF8*$!
{
	archiveVersion = 1;
	classes = {
	};
	objectVersion = 56;
	objects = {

/* Begin PBXBuildFile section */
		510CE854531D364C46E26F0E /* Pods_VoQal_iOS.framework in Frameworks */ = {isa = PBXBuildFile; fileRef = 09D91452D996409DA64C59AF /* Pods_VoQal_iOS.framework */; };
		86FF2F0B683765BE3BFA2664 /* Pods_VoQal_iOSTests.framework in Frameworks */ = {isa = PBXBuildFile; fileRef = 64BA13640785F683CF68E9D9 /* Pods_VoQal_iOSTests.framework */; };
		9509C3BD2C3D409D00FE211E /* CoachSelectionViewController.swift in Sources */ = {isa = PBXBuildFile; fileRef = 9509C3BC2C3D409D00FE211E /* CoachSelectionViewController.swift */; };
		9509C3BF2C3D40AE00FE211E /* CoachSelectionView.swift in Sources */ = {isa = PBXBuildFile; fileRef = 9509C3BE2C3D40AE00FE211E /* CoachSelectionView.swift */; };
		9541D3302BD29C0300B36977 /* HomeView.swift in Sources */ = {isa = PBXBuildFile; fileRef = 9541D32F2BD29C0300B36977 /* HomeView.swift */; };
		9541D3332BD29CCA00B36977 /* HomeViewController.swift in Sources */ = {isa = PBXBuildFile; fileRef = 9541D3322BD29CCA00B36977 /* HomeViewController.swift */; };
		9541D3712BD2ACC400B36977 /* SceneDelegate.swift in Sources */ = {isa = PBXBuildFile; fileRef = 9541D3702BD2ACC300B36977 /* SceneDelegate.swift */; };
		9541D3732BD2AEB100B36977 /* MainTabBarController.swift in Sources */ = {isa = PBXBuildFile; fileRef = 9541D3722BD2AEB100B36977 /* MainTabBarController.swift */; };
		9541D3762BD2AF8600B36977 /* ReservationView.swift in Sources */ = {isa = PBXBuildFile; fileRef = 9541D3752BD2AF8600B36977 /* ReservationView.swift */; };
		9541D3792BD2AFA000B36977 /* ReservationViewController.swift in Sources */ = {isa = PBXBuildFile; fileRef = 9541D3782BD2AFA000B36977 /* ReservationViewController.swift */; };
		9541D37C2BD2AFC200B36977 /* ChallengeViewController.swift in Sources */ = {isa = PBXBuildFile; fileRef = 9541D37B2BD2AFC200B36977 /* ChallengeViewController.swift */; };
		9541D37F2BD2AFD900B36977 /* ChallengeView.swift in Sources */ = {isa = PBXBuildFile; fileRef = 9541D37E2BD2AFD900B36977 /* ChallengeView.swift */; };
		9541D3822BD2AFEE00B36977 /* MyPageViewController.swift in Sources */ = {isa = PBXBuildFile; fileRef = 9541D3812BD2AFEE00B36977 /* MyPageViewController.swift */; };
		9542B63C2BCD688E0060E1BB /* Fonts in Resources */ = {isa = PBXBuildFile; fileRef = 9542B63B2BCD688E0060E1BB /* Fonts */; };
		9542B63F2BCD6BEB0060E1BB /* LoginViewController.swift in Sources */ = {isa = PBXBuildFile; fileRef = 9542B63E2BCD6BEB0060E1BB /* LoginViewController.swift */; };
		9542B6422BCD6C470060E1BB /* RegistrationViewController.swift in Sources */ = {isa = PBXBuildFile; fileRef = 9542B6412BCD6C470060E1BB /* RegistrationViewController.swift */; };
		9542B6482BCD7FE40060E1BB /* LoginView.swift in Sources */ = {isa = PBXBuildFile; fileRef = 9542B6472BCD7FE40060E1BB /* LoginView.swift */; };
		9542B64A2BCD7FF10060E1BB /* RegistrationView.swift in Sources */ = {isa = PBXBuildFile; fileRef = 9542B6492BCD7FF10060E1BB /* RegistrationView.swift */; };
		954E1DF32C3FD4D3007D72B4 /* CoachSelectionManager.swift in Sources */ = {isa = PBXBuildFile; fileRef = 954E1DF22C3FD4D3007D72B4 /* CoachSelectionManager.swift */; };
		954E1DF52C3FD4F4007D72B4 /* CoachSelectionData.swift in Sources */ = {isa = PBXBuildFile; fileRef = 954E1DF42C3FD4F4007D72B4 /* CoachSelectionData.swift */; };
		954E1DF72C3FD50C007D72B4 /* CoachSelectionModel.swift in Sources */ = {isa = PBXBuildFile; fileRef = 954E1DF62C3FD50C007D72B4 /* CoachSelectionModel.swift */; };
		954F56962BD0AF8400288A7D /* Extension.swift in Sources */ = {isa = PBXBuildFile; fileRef = 954F56952BD0AF8400288A7D /* Extension.swift */; };
		95786E8C2C40210B00F77146 /* KeychainHelper.swift in Sources */ = {isa = PBXBuildFile; fileRef = 95786E8B2C40210B00F77146 /* KeychainHelper.swift */; };
		95786E8E2C40233800F77146 /* LoginData.swift in Sources */ = {isa = PBXBuildFile; fileRef = 95786E8D2C40233800F77146 /* LoginData.swift */; };
		95786E902C40234100F77146 /* LoginModel.swift in Sources */ = {isa = PBXBuildFile; fileRef = 95786E8F2C40234100F77146 /* LoginModel.swift */; };
		95786E922C40239900F77146 /* LoginManager.swift in Sources */ = {isa = PBXBuildFile; fileRef = 95786E912C40239900F77146 /* LoginManager.swift */; };
		957E3E102C344D0600936617 /* EmailVerifyData.swift in Sources */ = {isa = PBXBuildFile; fileRef = 957E3E0F2C344D0600936617 /* EmailVerifyData.swift */; };
		957E3E122C344D1700936617 /* NicknameVerifyData.swift in Sources */ = {isa = PBXBuildFile; fileRef = 957E3E112C344D1700936617 /* NicknameVerifyData.swift */; };
		957E3E152C344DD800936617 /* EmailVerifyModel.swift in Sources */ = {isa = PBXBuildFile; fileRef = 957E3E142C344DD800936617 /* EmailVerifyModel.swift */; };
		957E3E172C344DE500936617 /* NicknameVerifyModel.swift in Sources */ = {isa = PBXBuildFile; fileRef = 957E3E162C344DE500936617 /* NicknameVerifyModel.swift */; };
		957E3E192C344E0100936617 /* PasswordResetModel.swift in Sources */ = {isa = PBXBuildFile; fileRef = 957E3E182C344E0100936617 /* PasswordResetModel.swift */; };
		958D42452C37DDEC00088EA3 /* ValidationUtility.swift in Sources */ = {isa = PBXBuildFile; fileRef = 958D42442C37DDEC00088EA3 /* ValidationUtility.swift */; };
		958FE7C42C42AE7F00F2954D /* BaseViewController.swift in Sources */ = {isa = PBXBuildFile; fileRef = 958FE7C32C42AE7F00F2954D /* BaseViewController.swift */; };
		958FE7C72C42C2BB00F2954D /* HomeManager.swift in Sources */ = {isa = PBXBuildFile; fileRef = 958FE7C62C42C2BB00F2954D /* HomeManager.swift */; };
		958FE7CA2C42C32900F2954D /* HomeModel.swift in Sources */ = {isa = PBXBuildFile; fileRef = 958FE7C92C42C32900F2954D /* HomeModel.swift */; };
		958FE7CC2C42C33000F2954D /* HomeData.swift in Sources */ = {isa = PBXBuildFile; fileRef = 958FE7CB2C42C33000F2954D /* HomeData.swift */; };
		959B57562C41268D009428D7 /* AuthInterceptor.swift in Sources */ = {isa = PBXBuildFile; fileRef = 959B57552C41268D009428D7 /* AuthInterceptor.swift */; };
		959B57592C412C02009428D7 /* AuthManager.swift in Sources */ = {isa = PBXBuildFile; fileRef = 959B57582C412C02009428D7 /* AuthManager.swift */; };
		959B575B2C412C40009428D7 /* AuthData.swift in Sources */ = {isa = PBXBuildFile; fileRef = 959B575A2C412C40009428D7 /* AuthData.swift */; };
		959D94212C2AEF100014F086 /* RegistrationManager.swift in Sources */ = {isa = PBXBuildFile; fileRef = 959D94202C2AEF100014F086 /* RegistrationManager.swift */; };
		959D94292C2C7A650014F086 /* RegistrationModel.swift in Sources */ = {isa = PBXBuildFile; fileRef = 959D94282C2C7A650014F086 /* RegistrationModel.swift */; };
		959D942B2C2C7A800014F086 /* RegistrationData.swift in Sources */ = {isa = PBXBuildFile; fileRef = 959D942A2C2C7A800014F086 /* RegistrationData.swift */; };
		959D942F2C2D66070014F086 /* EmailFinderView.swift in Sources */ = {isa = PBXBuildFile; fileRef = 959D942E2C2D66070014F086 /* EmailFinderView.swift */; };
		959D94312C2D66B80014F086 /* EmailFinderViewController.swift in Sources */ = {isa = PBXBuildFile; fileRef = 959D94302C2D66B80014F086 /* EmailFinderViewController.swift */; };
		959D94362C2EE0D40014F086 /* EmailResultView.swift in Sources */ = {isa = PBXBuildFile; fileRef = 959D94352C2EE0D40014F086 /* EmailResultView.swift */; };
		959D94382C2EE7C80014F086 /* EmailResultViewController.swift in Sources */ = {isa = PBXBuildFile; fileRef = 959D94372C2EE7C80014F086 /* EmailResultViewController.swift */; };
		959D943A2C2EF6ED0014F086 /* EmailFinderManager.swift in Sources */ = {isa = PBXBuildFile; fileRef = 959D94392C2EF6ED0014F086 /* EmailFinderManager.swift */; };
		959D943D2C2EF7520014F086 /* EmailFinderModel.swift in Sources */ = {isa = PBXBuildFile; fileRef = 959D943C2C2EF7520014F086 /* EmailFinderModel.swift */; };
		959D943F2C2EF75E0014F086 /* EmailFinderData.swift in Sources */ = {isa = PBXBuildFile; fileRef = 959D943E2C2EF75E0014F086 /* EmailFinderData.swift */; };
		959D94412C2F07A80014F086 /* PasswordResetManager.swift in Sources */ = {isa = PBXBuildFile; fileRef = 959D94402C2F07A80014F086 /* PasswordResetManager.swift */; };
		959D94452C2F07C80014F086 /* PasswordResetData.swift in Sources */ = {isa = PBXBuildFile; fileRef = 959D94442C2F07C80014F086 /* PasswordResetData.swift */; };
		959D94472C2F07DD0014F086 /* PasswordResetView.swift in Sources */ = {isa = PBXBuildFile; fileRef = 959D94462C2F07DD0014F086 /* PasswordResetView.swift */; };
		959D94492C2F07F10014F086 /* PasswordResetViewController.swift in Sources */ = {isa = PBXBuildFile; fileRef = 959D94482C2F07F10014F086 /* PasswordResetViewController.swift */; };
		95A0D43F2C43997B002A768B /* UserManager.swift in Sources */ = {isa = PBXBuildFile; fileRef = 95A0D43E2C43997B002A768B /* UserManager.swift */; };
		95A0D4422C43AD8E002A768B /* MyPageView.swift in Sources */ = {isa = PBXBuildFile; fileRef = 95A0D4412C43AD8E002A768B /* MyPageView.swift */; };
		95A0D4442C43ADE9002A768B /* BaseView.swift in Sources */ = {isa = PBXBuildFile; fileRef = 95A0D4432C43ADE9002A768B /* BaseView.swift */; };
		95A424102C3FC0BC00DDD571 /* CoachSelectionTableViewCell.swift in Sources */ = {isa = PBXBuildFile; fileRef = 95A4240F2C3FC0BC00DDD571 /* CoachSelectionTableViewCell.swift */; };
		95B5C66D2BCABE490067432A /* AppDelegate.swift in Sources */ = {isa = PBXBuildFile; fileRef = 95B5C66C2BCABE490067432A /* AppDelegate.swift */; };
		95B5C6712BCABE490067432A /* ViewController.swift in Sources */ = {isa = PBXBuildFile; fileRef = 95B5C6702BCABE490067432A /* ViewController.swift */; };
		95B5C6762BCABE4B0067432A /* Assets.xcassets in Resources */ = {isa = PBXBuildFile; fileRef = 95B5C6752BCABE4B0067432A /* Assets.xcassets */; };
		95B5C6792BCABE4B0067432A /* LaunchScreen.storyboard in Resources */ = {isa = PBXBuildFile; fileRef = 95B5C6772BCABE4B0067432A /* LaunchScreen.storyboard */; };
		95B5C6842BCABE4B0067432A /* VoQal_iOSTests.swift in Sources */ = {isa = PBXBuildFile; fileRef = 95B5C6832BCABE4B0067432A /* VoQal_iOSTests.swift */; };
		95B5C68E2BCABE4B0067432A /* VoQal_iOSUITests.swift in Sources */ = {isa = PBXBuildFile; fileRef = 95B5C68D2BCABE4B0067432A /* VoQal_iOSUITests.swift */; };
		95B5C6902BCABE4B0067432A /* VoQal_iOSUITestsLaunchTests.swift in Sources */ = {isa = PBXBuildFile; fileRef = 95B5C68F2BCABE4B0067432A /* VoQal_iOSUITestsLaunchTests.swift */; };
		95B661602C3D1C390091F241 /* RoleSelectionModel.swift in Sources */ = {isa = PBXBuildFile; fileRef = 95B6615F2C3D1C390091F241 /* RoleSelectionModel.swift */; };
		95B661622C3D1C5F0091F241 /* RoleSelectionData.swift in Sources */ = {isa = PBXBuildFile; fileRef = 95B661612C3D1C5F0091F241 /* RoleSelectionData.swift */; };
		95B661642C3D1C8D0091F241 /* RoleSelectionManager.swift in Sources */ = {isa = PBXBuildFile; fileRef = 95B661632C3D1C8D0091F241 /* RoleSelectionManager.swift */; };
		95B661682C3D1D370091F241 /* RoleSelectionView.swift in Sources */ = {isa = PBXBuildFile; fileRef = 95B661672C3D1D370091F241 /* RoleSelectionView.swift */; };
		95B6616B2C3D309F0091F241 /* RoleSelectionButton.swift in Sources */ = {isa = PBXBuildFile; fileRef = 95B6616A2C3D309F0091F241 /* RoleSelectionButton.swift */; };
		95EA47182BE25CCE00E6631B /* RoleSelectionViewController.swift in Sources */ = {isa = PBXBuildFile; fileRef = 95EA47172BE25CCE00E6631B /* RoleSelectionViewController.swift */; };
		D77B1A535F242C1C20539760 /* Pods_VoQal_iOS_VoQal_iOSUITests.framework in Frameworks */ = {isa = PBXBuildFile; fileRef = 6D82197EA947CA09B02FC649 /* Pods_VoQal_iOS_VoQal_iOSUITests.framework */; };
/* End PBXBuildFile section */

/* Begin PBXContainerItemProxy section */
		95B5C6802BCABE4B0067432A /* PBXContainerItemProxy */ = {
			isa = PBXContainerItemProxy;
			containerPortal = 95B5C6612BCABE490067432A /* Project object */;
			proxyType = 1;
			remoteGlobalIDString = 95B5C6682BCABE490067432A;
			remoteInfo = VoQal_iOS;
		};
		95B5C68A2BCABE4B0067432A /* PBXContainerItemProxy */ = {
			isa = PBXContainerItemProxy;
			containerPortal = 95B5C6612BCABE490067432A /* Project object */;
			proxyType = 1;
			remoteGlobalIDString = 95B5C6682BCABE490067432A;
			remoteInfo = VoQal_iOS;
		};
/* End PBXContainerItemProxy section */

/* Begin PBXCopyFilesBuildPhase section */
		95AC1A7B2C3FB36200B3146D /* Embed Frameworks */ = {
			isa = PBXCopyFilesBuildPhase;
			buildActionMask = 2147483647;
			dstPath = "";
			dstSubfolderSpec = 10;
			files = (
			);
			name = "Embed Frameworks";
			runOnlyForDeploymentPostprocessing = 0;
		};
/* End PBXCopyFilesBuildPhase section */

/* Begin PBXFileReference section */
		09D91452D996409DA64C59AF /* Pods_VoQal_iOS.framework */ = {isa = PBXFileReference; explicitFileType = wrapper.framework; includeInIndex = 0; path = Pods_VoQal_iOS.framework; sourceTree = BUILT_PRODUCTS_DIR; };
		10D5975D97B6413ADA12ED72 /* Pods-VoQal_iOS-VoQal_iOSUITests.debug.xcconfig */ = {isa = PBXFileReference; includeInIndex = 1; lastKnownFileType = text.xcconfig; name = "Pods-VoQal_iOS-VoQal_iOSUITests.debug.xcconfig"; path = "Target Support Files/Pods-VoQal_iOS-VoQal_iOSUITests/Pods-VoQal_iOS-VoQal_iOSUITests.debug.xcconfig"; sourceTree = "<group>"; };
		215DBF6496A891757DAA0937 /* Pods-VoQal_iOS.debug.xcconfig */ = {isa = PBXFileReference; includeInIndex = 1; lastKnownFileType = text.xcconfig; name = "Pods-VoQal_iOS.debug.xcconfig"; path = "Target Support Files/Pods-VoQal_iOS/Pods-VoQal_iOS.debug.xcconfig"; sourceTree = "<group>"; };
		219FBF3A04FF3D37D16F0B84 /* Pods-VoQal_iOSTests.release.xcconfig */ = {isa = PBXFileReference; includeInIndex = 1; lastKnownFileType = text.xcconfig; name = "Pods-VoQal_iOSTests.release.xcconfig"; path = "Target Support Files/Pods-VoQal_iOSTests/Pods-VoQal_iOSTests.release.xcconfig"; sourceTree = "<group>"; };
		2C4C567CB8CDF914213549FC /* Pods-VoQal_iOS-VoQal_iOSUITests.release.xcconfig */ = {isa = PBXFileReference; includeInIndex = 1; lastKnownFileType = text.xcconfig; name = "Pods-VoQal_iOS-VoQal_iOSUITests.release.xcconfig"; path = "Target Support Files/Pods-VoQal_iOS-VoQal_iOSUITests/Pods-VoQal_iOS-VoQal_iOSUITests.release.xcconfig"; sourceTree = "<group>"; };
		595C8F653A23402C60B244A9 /* Pods-VoQal_iOS.release.xcconfig */ = {isa = PBXFileReference; includeInIndex = 1; lastKnownFileType = text.xcconfig; name = "Pods-VoQal_iOS.release.xcconfig"; path = "Target Support Files/Pods-VoQal_iOS/Pods-VoQal_iOS.release.xcconfig"; sourceTree = "<group>"; };
		64BA13640785F683CF68E9D9 /* Pods_VoQal_iOSTests.framework */ = {isa = PBXFileReference; explicitFileType = wrapper.framework; includeInIndex = 0; path = Pods_VoQal_iOSTests.framework; sourceTree = BUILT_PRODUCTS_DIR; };
		6D82197EA947CA09B02FC649 /* Pods_VoQal_iOS_VoQal_iOSUITests.framework */ = {isa = PBXFileReference; explicitFileType = wrapper.framework; includeInIndex = 0; path = Pods_VoQal_iOS_VoQal_iOSUITests.framework; sourceTree = BUILT_PRODUCTS_DIR; };
		9509C3BC2C3D409D00FE211E /* CoachSelectionViewController.swift */ = {isa = PBXFileReference; lastKnownFileType = sourcecode.swift; path = CoachSelectionViewController.swift; sourceTree = "<group>"; };
		9509C3BE2C3D40AE00FE211E /* CoachSelectionView.swift */ = {isa = PBXFileReference; lastKnownFileType = sourcecode.swift; path = CoachSelectionView.swift; sourceTree = "<group>"; };
		9541D32F2BD29C0300B36977 /* HomeView.swift */ = {isa = PBXFileReference; lastKnownFileType = sourcecode.swift; path = HomeView.swift; sourceTree = "<group>"; };
		9541D3322BD29CCA00B36977 /* HomeViewController.swift */ = {isa = PBXFileReference; lastKnownFileType = sourcecode.swift; path = HomeViewController.swift; sourceTree = "<group>"; };
		9541D3702BD2ACC300B36977 /* SceneDelegate.swift */ = {isa = PBXFileReference; fileEncoding = 4; lastKnownFileType = sourcecode.swift; path = SceneDelegate.swift; sourceTree = "<group>"; };
		9541D3722BD2AEB100B36977 /* MainTabBarController.swift */ = {isa = PBXFileReference; lastKnownFileType = sourcecode.swift; path = MainTabBarController.swift; sourceTree = "<group>"; };
		9541D3752BD2AF8600B36977 /* ReservationView.swift */ = {isa = PBXFileReference; lastKnownFileType = sourcecode.swift; path = ReservationView.swift; sourceTree = "<group>"; };
		9541D3782BD2AFA000B36977 /* ReservationViewController.swift */ = {isa = PBXFileReference; lastKnownFileType = sourcecode.swift; path = ReservationViewController.swift; sourceTree = "<group>"; };
		9541D37B2BD2AFC200B36977 /* ChallengeViewController.swift */ = {isa = PBXFileReference; lastKnownFileType = sourcecode.swift; path = ChallengeViewController.swift; sourceTree = "<group>"; };
		9541D37E2BD2AFD900B36977 /* ChallengeView.swift */ = {isa = PBXFileReference; lastKnownFileType = sourcecode.swift; path = ChallengeView.swift; sourceTree = "<group>"; };
		9541D3812BD2AFEE00B36977 /* MyPageViewController.swift */ = {isa = PBXFileReference; lastKnownFileType = sourcecode.swift; path = MyPageViewController.swift; sourceTree = "<group>"; };
		9542B63B2BCD688E0060E1BB /* Fonts */ = {isa = PBXFileReference; fileEncoding = 4; lastKnownFileType = text; name = Fonts; path = VoQal_iOS/Fonts; sourceTree = "<group>"; };
		9542B63E2BCD6BEB0060E1BB /* LoginViewController.swift */ = {isa = PBXFileReference; lastKnownFileType = sourcecode.swift; path = LoginViewController.swift; sourceTree = "<group>"; };
		9542B6412BCD6C470060E1BB /* RegistrationViewController.swift */ = {isa = PBXFileReference; lastKnownFileType = sourcecode.swift; path = RegistrationViewController.swift; sourceTree = "<group>"; };
		9542B6472BCD7FE40060E1BB /* LoginView.swift */ = {isa = PBXFileReference; lastKnownFileType = sourcecode.swift; path = LoginView.swift; sourceTree = "<group>"; };
		9542B6492BCD7FF10060E1BB /* RegistrationView.swift */ = {isa = PBXFileReference; lastKnownFileType = sourcecode.swift; path = RegistrationView.swift; sourceTree = "<group>"; };
		954E1DF22C3FD4D3007D72B4 /* CoachSelectionManager.swift */ = {isa = PBXFileReference; lastKnownFileType = sourcecode.swift; path = CoachSelectionManager.swift; sourceTree = "<group>"; };
		954E1DF42C3FD4F4007D72B4 /* CoachSelectionData.swift */ = {isa = PBXFileReference; lastKnownFileType = sourcecode.swift; path = CoachSelectionData.swift; sourceTree = "<group>"; };
		954E1DF62C3FD50C007D72B4 /* CoachSelectionModel.swift */ = {isa = PBXFileReference; lastKnownFileType = sourcecode.swift; path = CoachSelectionModel.swift; sourceTree = "<group>"; };
		954F56952BD0AF8400288A7D /* Extension.swift */ = {isa = PBXFileReference; lastKnownFileType = sourcecode.swift; path = Extension.swift; sourceTree = "<group>"; };
		95786E8B2C40210B00F77146 /* KeychainHelper.swift */ = {isa = PBXFileReference; lastKnownFileType = sourcecode.swift; path = KeychainHelper.swift; sourceTree = "<group>"; };
		95786E8D2C40233800F77146 /* LoginData.swift */ = {isa = PBXFileReference; lastKnownFileType = sourcecode.swift; path = LoginData.swift; sourceTree = "<group>"; };
		95786E8F2C40234100F77146 /* LoginModel.swift */ = {isa = PBXFileReference; lastKnownFileType = sourcecode.swift; path = LoginModel.swift; sourceTree = "<group>"; };
		95786E912C40239900F77146 /* LoginManager.swift */ = {isa = PBXFileReference; lastKnownFileType = sourcecode.swift; path = LoginManager.swift; sourceTree = "<group>"; };
		957E3E0F2C344D0600936617 /* EmailVerifyData.swift */ = {isa = PBXFileReference; lastKnownFileType = sourcecode.swift; path = EmailVerifyData.swift; sourceTree = "<group>"; };
		957E3E112C344D1700936617 /* NicknameVerifyData.swift */ = {isa = PBXFileReference; lastKnownFileType = sourcecode.swift; path = NicknameVerifyData.swift; sourceTree = "<group>"; };
		957E3E142C344DD800936617 /* EmailVerifyModel.swift */ = {isa = PBXFileReference; lastKnownFileType = sourcecode.swift; path = EmailVerifyModel.swift; sourceTree = "<group>"; };
		957E3E162C344DE500936617 /* NicknameVerifyModel.swift */ = {isa = PBXFileReference; lastKnownFileType = sourcecode.swift; path = NicknameVerifyModel.swift; sourceTree = "<group>"; };
		957E3E182C344E0100936617 /* PasswordResetModel.swift */ = {isa = PBXFileReference; lastKnownFileType = sourcecode.swift; path = PasswordResetModel.swift; sourceTree = "<group>"; };
		958D42442C37DDEC00088EA3 /* ValidationUtility.swift */ = {isa = PBXFileReference; lastKnownFileType = sourcecode.swift; path = ValidationUtility.swift; sourceTree = "<group>"; };
		958FE7C32C42AE7F00F2954D /* BaseViewController.swift */ = {isa = PBXFileReference; lastKnownFileType = sourcecode.swift; path = BaseViewController.swift; sourceTree = "<group>"; };
		958FE7C62C42C2BB00F2954D /* HomeManager.swift */ = {isa = PBXFileReference; lastKnownFileType = sourcecode.swift; path = HomeManager.swift; sourceTree = "<group>"; };
		958FE7C92C42C32900F2954D /* HomeModel.swift */ = {isa = PBXFileReference; lastKnownFileType = sourcecode.swift; path = HomeModel.swift; sourceTree = "<group>"; };
		958FE7CB2C42C33000F2954D /* HomeData.swift */ = {isa = PBXFileReference; lastKnownFileType = sourcecode.swift; path = HomeData.swift; sourceTree = "<group>"; };
		959B57552C41268D009428D7 /* AuthInterceptor.swift */ = {isa = PBXFileReference; lastKnownFileType = sourcecode.swift; path = AuthInterceptor.swift; sourceTree = "<group>"; };
		959B57582C412C02009428D7 /* AuthManager.swift */ = {isa = PBXFileReference; lastKnownFileType = sourcecode.swift; path = AuthManager.swift; sourceTree = "<group>"; };
		959B575A2C412C40009428D7 /* AuthData.swift */ = {isa = PBXFileReference; lastKnownFileType = sourcecode.swift; path = AuthData.swift; sourceTree = "<group>"; };
		959D94202C2AEF100014F086 /* RegistrationManager.swift */ = {isa = PBXFileReference; lastKnownFileType = sourcecode.swift; path = RegistrationManager.swift; sourceTree = "<group>"; };
		959D94282C2C7A650014F086 /* RegistrationModel.swift */ = {isa = PBXFileReference; lastKnownFileType = sourcecode.swift; path = RegistrationModel.swift; sourceTree = "<group>"; };
		959D942A2C2C7A800014F086 /* RegistrationData.swift */ = {isa = PBXFileReference; lastKnownFileType = sourcecode.swift; path = RegistrationData.swift; sourceTree = "<group>"; };
		959D942E2C2D66070014F086 /* EmailFinderView.swift */ = {isa = PBXFileReference; lastKnownFileType = sourcecode.swift; path = EmailFinderView.swift; sourceTree = "<group>"; };
		959D94302C2D66B80014F086 /* EmailFinderViewController.swift */ = {isa = PBXFileReference; lastKnownFileType = sourcecode.swift; path = EmailFinderViewController.swift; sourceTree = "<group>"; };
		959D94352C2EE0D40014F086 /* EmailResultView.swift */ = {isa = PBXFileReference; lastKnownFileType = sourcecode.swift; path = EmailResultView.swift; sourceTree = "<group>"; };
		959D94372C2EE7C80014F086 /* EmailResultViewController.swift */ = {isa = PBXFileReference; lastKnownFileType = sourcecode.swift; path = EmailResultViewController.swift; sourceTree = "<group>"; };
		959D94392C2EF6ED0014F086 /* EmailFinderManager.swift */ = {isa = PBXFileReference; lastKnownFileType = sourcecode.swift; path = EmailFinderManager.swift; sourceTree = "<group>"; };
		959D943C2C2EF7520014F086 /* EmailFinderModel.swift */ = {isa = PBXFileReference; lastKnownFileType = sourcecode.swift; path = EmailFinderModel.swift; sourceTree = "<group>"; };
		959D943E2C2EF75E0014F086 /* EmailFinderData.swift */ = {isa = PBXFileReference; lastKnownFileType = sourcecode.swift; path = EmailFinderData.swift; sourceTree = "<group>"; };
		959D94402C2F07A80014F086 /* PasswordResetManager.swift */ = {isa = PBXFileReference; lastKnownFileType = sourcecode.swift; path = PasswordResetManager.swift; sourceTree = "<group>"; };
		959D94442C2F07C80014F086 /* PasswordResetData.swift */ = {isa = PBXFileReference; lastKnownFileType = sourcecode.swift; path = PasswordResetData.swift; sourceTree = "<group>"; };
		959D94462C2F07DD0014F086 /* PasswordResetView.swift */ = {isa = PBXFileReference; lastKnownFileType = sourcecode.swift; path = PasswordResetView.swift; sourceTree = "<group>"; };
		959D94482C2F07F10014F086 /* PasswordResetViewController.swift */ = {isa = PBXFileReference; lastKnownFileType = sourcecode.swift; path = PasswordResetViewController.swift; sourceTree = "<group>"; };
		95A0D43E2C43997B002A768B /* UserManager.swift */ = {isa = PBXFileReference; lastKnownFileType = sourcecode.swift; path = UserManager.swift; sourceTree = "<group>"; };
		95A0D4412C43AD8E002A768B /* MyPageView.swift */ = {isa = PBXFileReference; lastKnownFileType = sourcecode.swift; path = MyPageView.swift; sourceTree = "<group>"; };
		95A0D4432C43ADE9002A768B /* BaseView.swift */ = {isa = PBXFileReference; lastKnownFileType = sourcecode.swift; path = BaseView.swift; sourceTree = "<group>"; };
		95A4240F2C3FC0BC00DDD571 /* CoachSelectionTableViewCell.swift */ = {isa = PBXFileReference; lastKnownFileType = sourcecode.swift; path = CoachSelectionTableViewCell.swift; sourceTree = "<group>"; };
		95B5C6692BCABE490067432A /* VoQal_iOS.app */ = {isa = PBXFileReference; explicitFileType = wrapper.application; includeInIndex = 0; path = VoQal_iOS.app; sourceTree = BUILT_PRODUCTS_DIR; };
		95B5C66C2BCABE490067432A /* AppDelegate.swift */ = {isa = PBXFileReference; lastKnownFileType = sourcecode.swift; path = AppDelegate.swift; sourceTree = "<group>"; };
		95B5C6702BCABE490067432A /* ViewController.swift */ = {isa = PBXFileReference; lastKnownFileType = sourcecode.swift; path = ViewController.swift; sourceTree = "<group>"; };
		95B5C6752BCABE4B0067432A /* Assets.xcassets */ = {isa = PBXFileReference; lastKnownFileType = folder.assetcatalog; path = Assets.xcassets; sourceTree = "<group>"; };
		95B5C6782BCABE4B0067432A /* Base */ = {isa = PBXFileReference; lastKnownFileType = file.storyboard; name = Base; path = Base.lproj/LaunchScreen.storyboard; sourceTree = "<group>"; };
		95B5C67A2BCABE4B0067432A /* Info.plist */ = {isa = PBXFileReference; lastKnownFileType = text.plist.xml; path = Info.plist; sourceTree = "<group>"; };
		95B5C67F2BCABE4B0067432A /* VoQal_iOSTests.xctest */ = {isa = PBXFileReference; explicitFileType = wrapper.cfbundle; includeInIndex = 0; path = VoQal_iOSTests.xctest; sourceTree = BUILT_PRODUCTS_DIR; };
		95B5C6832BCABE4B0067432A /* VoQal_iOSTests.swift */ = {isa = PBXFileReference; lastKnownFileType = sourcecode.swift; path = VoQal_iOSTests.swift; sourceTree = "<group>"; };
		95B5C6892BCABE4B0067432A /* VoQal_iOSUITests.xctest */ = {isa = PBXFileReference; explicitFileType = wrapper.cfbundle; includeInIndex = 0; path = VoQal_iOSUITests.xctest; sourceTree = BUILT_PRODUCTS_DIR; };
		95B5C68D2BCABE4B0067432A /* VoQal_iOSUITests.swift */ = {isa = PBXFileReference; lastKnownFileType = sourcecode.swift; path = VoQal_iOSUITests.swift; sourceTree = "<group>"; };
		95B5C68F2BCABE4B0067432A /* VoQal_iOSUITestsLaunchTests.swift */ = {isa = PBXFileReference; lastKnownFileType = sourcecode.swift; path = VoQal_iOSUITestsLaunchTests.swift; sourceTree = "<group>"; };
		95B6615F2C3D1C390091F241 /* RoleSelectionModel.swift */ = {isa = PBXFileReference; lastKnownFileType = sourcecode.swift; path = RoleSelectionModel.swift; sourceTree = "<group>"; };
		95B661612C3D1C5F0091F241 /* RoleSelectionData.swift */ = {isa = PBXFileReference; lastKnownFileType = sourcecode.swift; path = RoleSelectionData.swift; sourceTree = "<group>"; };
		95B661632C3D1C8D0091F241 /* RoleSelectionManager.swift */ = {isa = PBXFileReference; lastKnownFileType = sourcecode.swift; path = RoleSelectionManager.swift; sourceTree = "<group>"; };
		95B661672C3D1D370091F241 /* RoleSelectionView.swift */ = {isa = PBXFileReference; lastKnownFileType = sourcecode.swift; path = RoleSelectionView.swift; sourceTree = "<group>"; };
		95B6616A2C3D309F0091F241 /* RoleSelectionButton.swift */ = {isa = PBXFileReference; lastKnownFileType = sourcecode.swift; path = RoleSelectionButton.swift; sourceTree = "<group>"; };
		95EA47172BE25CCE00E6631B /* RoleSelectionViewController.swift */ = {isa = PBXFileReference; lastKnownFileType = sourcecode.swift; path = RoleSelectionViewController.swift; sourceTree = "<group>"; };
		F7C0DA43103FFB8E50C9692C /* Pods-VoQal_iOSTests.debug.xcconfig */ = {isa = PBXFileReference; includeInIndex = 1; lastKnownFileType = text.xcconfig; name = "Pods-VoQal_iOSTests.debug.xcconfig"; path = "Target Support Files/Pods-VoQal_iOSTests/Pods-VoQal_iOSTests.debug.xcconfig"; sourceTree = "<group>"; };
/* End PBXFileReference section */

/* Begin PBXFrameworksBuildPhase section */
		95B5C6662BCABE490067432A /* Frameworks */ = {
			isa = PBXFrameworksBuildPhase;
			buildActionMask = 2147483647;
			files = (
				510CE854531D364C46E26F0E /* Pods_VoQal_iOS.framework in Frameworks */,
			);
			runOnlyForDeploymentPostprocessing = 0;
		};
		95B5C67C2BCABE4B0067432A /* Frameworks */ = {
			isa = PBXFrameworksBuildPhase;
			buildActionMask = 2147483647;
			files = (
				86FF2F0B683765BE3BFA2664 /* Pods_VoQal_iOSTests.framework in Frameworks */,
			);
			runOnlyForDeploymentPostprocessing = 0;
		};
		95B5C6862BCABE4B0067432A /* Frameworks */ = {
			isa = PBXFrameworksBuildPhase;
			buildActionMask = 2147483647;
			files = (
				D77B1A535F242C1C20539760 /* Pods_VoQal_iOS_VoQal_iOSUITests.framework in Frameworks */,
			);
			runOnlyForDeploymentPostprocessing = 0;
		};
/* End PBXFrameworksBuildPhase section */

/* Begin PBXGroup section */
		1A478B75C72B7DD310553821 /* Pods */ = {
			isa = PBXGroup;
			children = (
				215DBF6496A891757DAA0937 /* Pods-VoQal_iOS.debug.xcconfig */,
				595C8F653A23402C60B244A9 /* Pods-VoQal_iOS.release.xcconfig */,
				10D5975D97B6413ADA12ED72 /* Pods-VoQal_iOS-VoQal_iOSUITests.debug.xcconfig */,
				2C4C567CB8CDF914213549FC /* Pods-VoQal_iOS-VoQal_iOSUITests.release.xcconfig */,
				F7C0DA43103FFB8E50C9692C /* Pods-VoQal_iOSTests.debug.xcconfig */,
				219FBF3A04FF3D37D16F0B84 /* Pods-VoQal_iOSTests.release.xcconfig */,
			);
			path = Pods;
			sourceTree = "<group>";
		};
		9541D32E2BD29BF300B36977 /* Home */ = {
			isa = PBXGroup;
			children = (
				9541D32F2BD29C0300B36977 /* HomeView.swift */,
			);
			path = Home;
			sourceTree = "<group>";
		};
		9541D3312BD29CB800B36977 /* Home */ = {
			isa = PBXGroup;
			children = (
				9541D3322BD29CCA00B36977 /* HomeViewController.swift */,
			);
			path = Home;
			sourceTree = "<group>";
		};
		9541D3742BD2AF6B00B36977 /* Reservation */ = {
			isa = PBXGroup;
			children = (
				9541D3752BD2AF8600B36977 /* ReservationView.swift */,
			);
			path = Reservation;
			sourceTree = "<group>";
		};
		9541D3772BD2AF8B00B36977 /* Reservation */ = {
			isa = PBXGroup;
			children = (
				9541D3782BD2AFA000B36977 /* ReservationViewController.swift */,
			);
			path = Reservation;
			sourceTree = "<group>";
		};
		9541D37A2BD2AFA800B36977 /* Challenge */ = {
			isa = PBXGroup;
			children = (
				9541D37B2BD2AFC200B36977 /* ChallengeViewController.swift */,
			);
			path = Challenge;
			sourceTree = "<group>";
		};
		9541D37D2BD2AFC900B36977 /* Challenge */ = {
			isa = PBXGroup;
			children = (
				9541D37E2BD2AFD900B36977 /* ChallengeView.swift */,
			);
			path = Challenge;
			sourceTree = "<group>";
		};
		9541D3802BD2AFDD00B36977 /* MyPage */ = {
			isa = PBXGroup;
			children = (
				9541D3812BD2AFEE00B36977 /* MyPageViewController.swift */,
			);
			path = MyPage;
			sourceTree = "<group>";
		};
		9542B63D2BCD69690060E1BB /* Views */ = {
			isa = PBXGroup;
			children = (
				95A0D4402C43AD76002A768B /* MyPage */,
				95A4240E2C3FC09F00DDD571 /* Cells */,
				9541D37D2BD2AFC900B36977 /* Challenge */,
				9541D3742BD2AF6B00B36977 /* Reservation */,
				9541D32E2BD29BF300B36977 /* Home */,
				9542B6462BCD7FC80060E1BB /* Onboarding */,
				95A0D4432C43ADE9002A768B /* BaseView.swift */,
			);
			path = Views;
			sourceTree = "<group>";
		};
		9542B6402BCD6BF20060E1BB /* Onboarding */ = {
			isa = PBXGroup;
			children = (
				959D94332C2DB45B0014F086 /* Account */,
				9542B63E2BCD6BEB0060E1BB /* LoginViewController.swift */,
				9542B6412BCD6C470060E1BB /* RegistrationViewController.swift */,
				95EA47172BE25CCE00E6631B /* RoleSelectionViewController.swift */,
				9509C3BC2C3D409D00FE211E /* CoachSelectionViewController.swift */,
			);
			path = Onboarding;
			sourceTree = "<group>";
		};
		9542B6432BCD7F880060E1BB /* Controllers */ = {
			isa = PBXGroup;
			children = (
				9541D3802BD2AFDD00B36977 /* MyPage */,
				9541D37A2BD2AFA800B36977 /* Challenge */,
				9541D3772BD2AF8B00B36977 /* Reservation */,
				9541D3312BD29CB800B36977 /* Home */,
				9542B6402BCD6BF20060E1BB /* Onboarding */,
				9541D3722BD2AEB100B36977 /* MainTabBarController.swift */,
				958FE7C32C42AE7F00F2954D /* BaseViewController.swift */,
				95B5C6702BCABE490067432A /* ViewController.swift */,
			);
			path = Controllers;
			sourceTree = "<group>";
		};
		9542B6442BCD7F910060E1BB /* Models */ = {
			isa = PBXGroup;
			children = (
				958FE7C82C42C31500F2954D /* Home */,
				959B57572C412BF3009428D7 /* Auth */,
				959D94272C2C77B00014F086 /* Onboarding */,
			);
			path = Models;
			sourceTree = "<group>";
		};
		9542B6462BCD7FC80060E1BB /* Onboarding */ = {
			isa = PBXGroup;
			children = (
				959D94322C2DB4410014F086 /* Account */,
				9542B6472BCD7FE40060E1BB /* LoginView.swift */,
				9542B6492BCD7FF10060E1BB /* RegistrationView.swift */,
				95B661672C3D1D370091F241 /* RoleSelectionView.swift */,
				9509C3BE2C3D40AE00FE211E /* CoachSelectionView.swift */,
			);
			path = Onboarding;
			sourceTree = "<group>";
		};
		954F56942BD0AF2600288A7D /* Resources */ = {
			isa = PBXGroup;
			children = (
				954F56952BD0AF8400288A7D /* Extension.swift */,
				958D42442C37DDEC00088EA3 /* ValidationUtility.swift */,
				95786E8B2C40210B00F77146 /* KeychainHelper.swift */,
				959B57552C41268D009428D7 /* AuthInterceptor.swift */,
			);
			path = Resources;
			sourceTree = "<group>";
		};
		957E3E132C344D9000936617 /* Verification */ = {
			isa = PBXGroup;
			children = (
				957E3E0F2C344D0600936617 /* EmailVerifyData.swift */,
				957E3E142C344DD800936617 /* EmailVerifyModel.swift */,
				957E3E112C344D1700936617 /* NicknameVerifyData.swift */,
				957E3E162C344DE500936617 /* NicknameVerifyModel.swift */,
			);
			path = Verification;
			sourceTree = "<group>";
		};
		958FE7C52C42C2AC00F2954D /* Home */ = {
			isa = PBXGroup;
			children = (
				958FE7C62C42C2BB00F2954D /* HomeManager.swift */,
			);
			path = Home;
			sourceTree = "<group>";
		};
		958FE7C82C42C31500F2954D /* Home */ = {
			isa = PBXGroup;
			children = (
				958FE7C92C42C32900F2954D /* HomeModel.swift */,
				958FE7CB2C42C33000F2954D /* HomeData.swift */,
			);
			path = Home;
			sourceTree = "<group>";
		};
		959B57572C412BF3009428D7 /* Auth */ = {
			isa = PBXGroup;
			children = (
				959B57582C412C02009428D7 /* AuthManager.swift */,
				959B575A2C412C40009428D7 /* AuthData.swift */,
			);
			path = Auth;
			sourceTree = "<group>";
		};
		959D941E2C2AEEC30014F086 /* Networking */ = {
			isa = PBXGroup;
			children = (
				958FE7C52C42C2AC00F2954D /* Home */,
				959D941F2C2AEEDE0014F086 /* Onboarding */,
				95A0D43E2C43997B002A768B /* UserManager.swift */,
			);
			path = Networking;
			sourceTree = "<group>";
		};
		959D941F2C2AEEDE0014F086 /* Onboarding */ = {
			isa = PBXGroup;
			children = (
				959D94342C2DB46A0014F086 /* Account */,
				959D94202C2AEF100014F086 /* RegistrationManager.swift */,
				95B661632C3D1C8D0091F241 /* RoleSelectionManager.swift */,
				954E1DF22C3FD4D3007D72B4 /* CoachSelectionManager.swift */,
			);
			path = Onboarding;
			sourceTree = "<group>";
		};
		959D94272C2C77B00014F086 /* Onboarding */ = {
			isa = PBXGroup;
			children = (
				957E3E132C344D9000936617 /* Verification */,
				959D943B2C2EF7430014F086 /* Account */,
				95B6615F2C3D1C390091F241 /* RoleSelectionModel.swift */,
				95B661612C3D1C5F0091F241 /* RoleSelectionData.swift */,
				954E1DF42C3FD4F4007D72B4 /* CoachSelectionData.swift */,
				954E1DF62C3FD50C007D72B4 /* CoachSelectionModel.swift */,
			);
			path = Onboarding;
			sourceTree = "<group>";
		};
		959D94322C2DB4410014F086 /* Account */ = {
			isa = PBXGroup;
			children = (
				959D942E2C2D66070014F086 /* EmailFinderView.swift */,
				959D94352C2EE0D40014F086 /* EmailResultView.swift */,
				959D94462C2F07DD0014F086 /* PasswordResetView.swift */,
			);
			path = Account;
			sourceTree = "<group>";
		};
		959D94332C2DB45B0014F086 /* Account */ = {
			isa = PBXGroup;
			children = (
				959D94302C2D66B80014F086 /* EmailFinderViewController.swift */,
				959D94372C2EE7C80014F086 /* EmailResultViewController.swift */,
				959D94482C2F07F10014F086 /* PasswordResetViewController.swift */,
			);
			path = Account;
			sourceTree = "<group>";
		};
		959D94342C2DB46A0014F086 /* Account */ = {
			isa = PBXGroup;
			children = (
				959D94392C2EF6ED0014F086 /* EmailFinderManager.swift */,
				959D94402C2F07A80014F086 /* PasswordResetManager.swift */,
				95786E912C40239900F77146 /* LoginManager.swift */,
			);
			path = Account;
			sourceTree = "<group>";
		};
		959D943B2C2EF7430014F086 /* Account */ = {
			isa = PBXGroup;
			children = (
				959D94282C2C7A650014F086 /* RegistrationModel.swift */,
				959D942A2C2C7A800014F086 /* RegistrationData.swift */,
				959D943C2C2EF7520014F086 /* EmailFinderModel.swift */,
				959D943E2C2EF75E0014F086 /* EmailFinderData.swift */,
				959D94442C2F07C80014F086 /* PasswordResetData.swift */,
				957E3E182C344E0100936617 /* PasswordResetModel.swift */,
				95786E8D2C40233800F77146 /* LoginData.swift */,
				95786E8F2C40234100F77146 /* LoginModel.swift */,
			);
			path = Account;
			sourceTree = "<group>";
		};
		95A0D4402C43AD76002A768B /* MyPage */ = {
			isa = PBXGroup;
			children = (
				95A0D4412C43AD8E002A768B /* MyPageView.swift */,
			);
			path = MyPage;
			sourceTree = "<group>";
		};
		95A4240E2C3FC09F00DDD571 /* Cells */ = {
			isa = PBXGroup;
			children = (
				95A4240F2C3FC0BC00DDD571 /* CoachSelectionTableViewCell.swift */,
			);
			path = Cells;
			sourceTree = "<group>";
		};
		95B5C6602BCABE490067432A = {
			isa = PBXGroup;
			children = (
				9542B63B2BCD688E0060E1BB /* Fonts */,
				95B5C66B2BCABE490067432A /* VoQal_iOS */,
				95B5C6822BCABE4B0067432A /* VoQal_iOSTests */,
				95B5C68C2BCABE4B0067432A /* VoQal_iOSUITests */,
				95B5C66A2BCABE490067432A /* Products */,
				1A478B75C72B7DD310553821 /* Pods */,
				F51CF055449274C9165E5BE0 /* Frameworks */,
			);
			sourceTree = "<group>";
		};
		95B5C66A2BCABE490067432A /* Products */ = {
			isa = PBXGroup;
			children = (
				95B5C6692BCABE490067432A /* VoQal_iOS.app */,
				95B5C67F2BCABE4B0067432A /* VoQal_iOSTests.xctest */,
				95B5C6892BCABE4B0067432A /* VoQal_iOSUITests.xctest */,
			);
			name = Products;
			sourceTree = "<group>";
		};
		95B5C66B2BCABE490067432A /* VoQal_iOS */ = {
			isa = PBXGroup;
			children = (
				95B661692C3D30850091F241 /* Components */,
				954F56942BD0AF2600288A7D /* Resources */,
				9542B6442BCD7F910060E1BB /* Models */,
				959D941E2C2AEEC30014F086 /* Networking */,
				9542B63D2BCD69690060E1BB /* Views */,
				9542B6432BCD7F880060E1BB /* Controllers */,
				95B5C66C2BCABE490067432A /* AppDelegate.swift */,
				9541D3702BD2ACC300B36977 /* SceneDelegate.swift */,
				95B5C6752BCABE4B0067432A /* Assets.xcassets */,
				95B5C6772BCABE4B0067432A /* LaunchScreen.storyboard */,
				95B5C67A2BCABE4B0067432A /* Info.plist */,
			);
			path = VoQal_iOS;
			sourceTree = "<group>";
		};
		95B5C6822BCABE4B0067432A /* VoQal_iOSTests */ = {
			isa = PBXGroup;
			children = (
				95B5C6832BCABE4B0067432A /* VoQal_iOSTests.swift */,
			);
			path = VoQal_iOSTests;
			sourceTree = "<group>";
		};
		95B5C68C2BCABE4B0067432A /* VoQal_iOSUITests */ = {
			isa = PBXGroup;
			children = (
				95B5C68D2BCABE4B0067432A /* VoQal_iOSUITests.swift */,
				95B5C68F2BCABE4B0067432A /* VoQal_iOSUITestsLaunchTests.swift */,
			);
			path = VoQal_iOSUITests;
			sourceTree = "<group>";
		};
		95B661692C3D30850091F241 /* Components */ = {
			isa = PBXGroup;
			children = (
				95B6616A2C3D309F0091F241 /* RoleSelectionButton.swift */,
			);
			path = Components;
			sourceTree = "<group>";
		};
		F51CF055449274C9165E5BE0 /* Frameworks */ = {
			isa = PBXGroup;
			children = (
				09D91452D996409DA64C59AF /* Pods_VoQal_iOS.framework */,
				6D82197EA947CA09B02FC649 /* Pods_VoQal_iOS_VoQal_iOSUITests.framework */,
				64BA13640785F683CF68E9D9 /* Pods_VoQal_iOSTests.framework */,
			);
			name = Frameworks;
			sourceTree = "<group>";
		};
/* End PBXGroup section */

/* Begin PBXNativeTarget section */
		95B5C6682BCABE490067432A /* VoQal_iOS */ = {
			isa = PBXNativeTarget;
			buildConfigurationList = 95B5C6932BCABE4B0067432A /* Build configuration list for PBXNativeTarget "VoQal_iOS" */;
			buildPhases = (
				E9E6AEF2B683E8AE67E34605 /* [CP] Check Pods Manifest.lock */,
				95B5C6652BCABE490067432A /* Sources */,
				95B5C6662BCABE490067432A /* Frameworks */,
				95B5C6672BCABE490067432A /* Resources */,
				95AC1A7B2C3FB36200B3146D /* Embed Frameworks */,
				E8A5A72E45842B1132738F48 /* [CP] Embed Pods Frameworks */,
			);
			buildRules = (
			);
			dependencies = (
			);
			name = VoQal_iOS;
			productName = VoQal_iOS;
			productReference = 95B5C6692BCABE490067432A /* VoQal_iOS.app */;
			productType = "com.apple.product-type.application";
		};
		95B5C67E2BCABE4B0067432A /* VoQal_iOSTests */ = {
			isa = PBXNativeTarget;
			buildConfigurationList = 95B5C6962BCABE4B0067432A /* Build configuration list for PBXNativeTarget "VoQal_iOSTests" */;
			buildPhases = (
				08FF2EFEFE0C7D5B3C766840 /* [CP] Check Pods Manifest.lock */,
				95B5C67B2BCABE4B0067432A /* Sources */,
				95B5C67C2BCABE4B0067432A /* Frameworks */,
				95B5C67D2BCABE4B0067432A /* Resources */,
			);
			buildRules = (
			);
			dependencies = (
				95B5C6812BCABE4B0067432A /* PBXTargetDependency */,
			);
			name = VoQal_iOSTests;
			productName = VoQal_iOSTests;
			productReference = 95B5C67F2BCABE4B0067432A /* VoQal_iOSTests.xctest */;
			productType = "com.apple.product-type.bundle.unit-test";
		};
		95B5C6882BCABE4B0067432A /* VoQal_iOSUITests */ = {
			isa = PBXNativeTarget;
			buildConfigurationList = 95B5C6992BCABE4B0067432A /* Build configuration list for PBXNativeTarget "VoQal_iOSUITests" */;
			buildPhases = (
				AF3DDD5A6DACC683B5315A9F /* [CP] Check Pods Manifest.lock */,
				95B5C6852BCABE4B0067432A /* Sources */,
				95B5C6862BCABE4B0067432A /* Frameworks */,
				95B5C6872BCABE4B0067432A /* Resources */,
				54027EC4F166C96D93620079 /* [CP] Embed Pods Frameworks */,
			);
			buildRules = (
			);
			dependencies = (
				95B5C68B2BCABE4B0067432A /* PBXTargetDependency */,
			);
			name = VoQal_iOSUITests;
			productName = VoQal_iOSUITests;
			productReference = 95B5C6892BCABE4B0067432A /* VoQal_iOSUITests.xctest */;
			productType = "com.apple.product-type.bundle.ui-testing";
		};
/* End PBXNativeTarget section */

/* Begin PBXProject section */
		95B5C6612BCABE490067432A /* Project object */ = {
			isa = PBXProject;
			attributes = {
				BuildIndependentTargetsInParallel = 1;
				LastSwiftUpdateCheck = 1430;
				LastUpgradeCheck = 1430;
				TargetAttributes = {
					95B5C6682BCABE490067432A = {
						CreatedOnToolsVersion = 14.3.1;
					};
					95B5C67E2BCABE4B0067432A = {
						CreatedOnToolsVersion = 14.3.1;
						TestTargetID = 95B5C6682BCABE490067432A;
					};
					95B5C6882BCABE4B0067432A = {
						CreatedOnToolsVersion = 14.3.1;
						TestTargetID = 95B5C6682BCABE490067432A;
					};
				};
			};
			buildConfigurationList = 95B5C6642BCABE490067432A /* Build configuration list for PBXProject "VoQal_iOS" */;
			compatibilityVersion = "Xcode 14.0";
			developmentRegion = en;
			hasScannedForEncodings = 0;
			knownRegions = (
				en,
				Base,
			);
			mainGroup = 95B5C6602BCABE490067432A;
			productRefGroup = 95B5C66A2BCABE490067432A /* Products */;
			projectDirPath = "";
			projectRoot = "";
			targets = (
				95B5C6682BCABE490067432A /* VoQal_iOS */,
				95B5C67E2BCABE4B0067432A /* VoQal_iOSTests */,
				95B5C6882BCABE4B0067432A /* VoQal_iOSUITests */,
			);
		};
/* End PBXProject section */

/* Begin PBXResourcesBuildPhase section */
		95B5C6672BCABE490067432A /* Resources */ = {
			isa = PBXResourcesBuildPhase;
			buildActionMask = 2147483647;
			files = (
				9542B63C2BCD688E0060E1BB /* Fonts in Resources */,
				95B5C6792BCABE4B0067432A /* LaunchScreen.storyboard in Resources */,
				95B5C6762BCABE4B0067432A /* Assets.xcassets in Resources */,
			);
			runOnlyForDeploymentPostprocessing = 0;
		};
		95B5C67D2BCABE4B0067432A /* Resources */ = {
			isa = PBXResourcesBuildPhase;
			buildActionMask = 2147483647;
			files = (
			);
			runOnlyForDeploymentPostprocessing = 0;
		};
		95B5C6872BCABE4B0067432A /* Resources */ = {
			isa = PBXResourcesBuildPhase;
			buildActionMask = 2147483647;
			files = (
			);
			runOnlyForDeploymentPostprocessing = 0;
		};
/* End PBXResourcesBuildPhase section */

/* Begin PBXShellScriptBuildPhase section */
		08FF2EFEFE0C7D5B3C766840 /* [CP] Check Pods Manifest.lock */ = {
			isa = PBXShellScriptBuildPhase;
			buildActionMask = 2147483647;
			files = (
			);
			inputFileListPaths = (
			);
			inputPaths = (
				"${PODS_PODFILE_DIR_PATH}/Podfile.lock",
				"${PODS_ROOT}/Manifest.lock",
			);
			name = "[CP] Check Pods Manifest.lock";
			outputFileListPaths = (
			);
			outputPaths = (
				"$(DERIVED_FILE_DIR)/Pods-VoQal_iOSTests-checkManifestLockResult.txt",
			);
			runOnlyForDeploymentPostprocessing = 0;
			shellPath = /bin/sh;
			shellScript = "diff \"${PODS_PODFILE_DIR_PATH}/Podfile.lock\" \"${PODS_ROOT}/Manifest.lock\" > /dev/null\nif [ $? != 0 ] ; then\n    # print error to STDERR\n    echo \"error: The sandbox is not in sync with the Podfile.lock. Run 'pod install' or update your CocoaPods installation.\" >&2\n    exit 1\nfi\n# This output is used by Xcode 'outputs' to avoid re-running this script phase.\necho \"SUCCESS\" > \"${SCRIPT_OUTPUT_FILE_0}\"\n";
			showEnvVarsInLog = 0;
		};
		54027EC4F166C96D93620079 /* [CP] Embed Pods Frameworks */ = {
			isa = PBXShellScriptBuildPhase;
			buildActionMask = 2147483647;
			files = (
			);
			inputFileListPaths = (
				"${PODS_ROOT}/Target Support Files/Pods-VoQal_iOS-VoQal_iOSUITests/Pods-VoQal_iOS-VoQal_iOSUITests-frameworks-${CONFIGURATION}-input-files.xcfilelist",
			);
			name = "[CP] Embed Pods Frameworks";
			outputFileListPaths = (
				"${PODS_ROOT}/Target Support Files/Pods-VoQal_iOS-VoQal_iOSUITests/Pods-VoQal_iOS-VoQal_iOSUITests-frameworks-${CONFIGURATION}-output-files.xcfilelist",
			);
			runOnlyForDeploymentPostprocessing = 0;
			shellPath = /bin/sh;
			shellScript = "\"${PODS_ROOT}/Target Support Files/Pods-VoQal_iOS-VoQal_iOSUITests/Pods-VoQal_iOS-VoQal_iOSUITests-frameworks.sh\"\n";
			showEnvVarsInLog = 0;
		};
		AF3DDD5A6DACC683B5315A9F /* [CP] Check Pods Manifest.lock */ = {
			isa = PBXShellScriptBuildPhase;
			buildActionMask = 2147483647;
			files = (
			);
			inputFileListPaths = (
			);
			inputPaths = (
				"${PODS_PODFILE_DIR_PATH}/Podfile.lock",
				"${PODS_ROOT}/Manifest.lock",
			);
			name = "[CP] Check Pods Manifest.lock";
			outputFileListPaths = (
			);
			outputPaths = (
				"$(DERIVED_FILE_DIR)/Pods-VoQal_iOS-VoQal_iOSUITests-checkManifestLockResult.txt",
			);
			runOnlyForDeploymentPostprocessing = 0;
			shellPath = /bin/sh;
			shellScript = "diff \"${PODS_PODFILE_DIR_PATH}/Podfile.lock\" \"${PODS_ROOT}/Manifest.lock\" > /dev/null\nif [ $? != 0 ] ; then\n    # print error to STDERR\n    echo \"error: The sandbox is not in sync with the Podfile.lock. Run 'pod install' or update your CocoaPods installation.\" >&2\n    exit 1\nfi\n# This output is used by Xcode 'outputs' to avoid re-running this script phase.\necho \"SUCCESS\" > \"${SCRIPT_OUTPUT_FILE_0}\"\n";
			showEnvVarsInLog = 0;
		};
		E8A5A72E45842B1132738F48 /* [CP] Embed Pods Frameworks */ = {
			isa = PBXShellScriptBuildPhase;
			buildActionMask = 2147483647;
			files = (
			);
			inputFileListPaths = (
				"${PODS_ROOT}/Target Support Files/Pods-VoQal_iOS/Pods-VoQal_iOS-frameworks-${CONFIGURATION}-input-files.xcfilelist",
			);
			name = "[CP] Embed Pods Frameworks";
			outputFileListPaths = (
				"${PODS_ROOT}/Target Support Files/Pods-VoQal_iOS/Pods-VoQal_iOS-frameworks-${CONFIGURATION}-output-files.xcfilelist",
			);
			runOnlyForDeploymentPostprocessing = 0;
			shellPath = /bin/sh;
			shellScript = "\"${PODS_ROOT}/Target Support Files/Pods-VoQal_iOS/Pods-VoQal_iOS-frameworks.sh\"\n";
			showEnvVarsInLog = 0;
		};
		E9E6AEF2B683E8AE67E34605 /* [CP] Check Pods Manifest.lock */ = {
			isa = PBXShellScriptBuildPhase;
			buildActionMask = 2147483647;
			files = (
			);
			inputFileListPaths = (
			);
			inputPaths = (
				"${PODS_PODFILE_DIR_PATH}/Podfile.lock",
				"${PODS_ROOT}/Manifest.lock",
			);
			name = "[CP] Check Pods Manifest.lock";
			outputFileListPaths = (
			);
			outputPaths = (
				"$(DERIVED_FILE_DIR)/Pods-VoQal_iOS-checkManifestLockResult.txt",
			);
			runOnlyForDeploymentPostprocessing = 0;
			shellPath = /bin/sh;
			shellScript = "diff \"${PODS_PODFILE_DIR_PATH}/Podfile.lock\" \"${PODS_ROOT}/Manifest.lock\" > /dev/null\nif [ $? != 0 ] ; then\n    # print error to STDERR\n    echo \"error: The sandbox is not in sync with the Podfile.lock. Run 'pod install' or update your CocoaPods installation.\" >&2\n    exit 1\nfi\n# This output is used by Xcode 'outputs' to avoid re-running this script phase.\necho \"SUCCESS\" > \"${SCRIPT_OUTPUT_FILE_0}\"\n";
			showEnvVarsInLog = 0;
		};
/* End PBXShellScriptBuildPhase section */

/* Begin PBXSourcesBuildPhase section */
		95B5C6652BCABE490067432A /* Sources */ = {
			isa = PBXSourcesBuildPhase;
			buildActionMask = 2147483647;
			files = (
				957E3E172C344DE500936617 /* NicknameVerifyModel.swift in Sources */,
				95B661642C3D1C8D0091F241 /* RoleSelectionManager.swift in Sources */,
				958FE7CA2C42C32900F2954D /* HomeModel.swift in Sources */,
				957E3E122C344D1700936617 /* NicknameVerifyData.swift in Sources */,
				954E1DF52C3FD4F4007D72B4 /* CoachSelectionData.swift in Sources */,
				959D943A2C2EF6ED0014F086 /* EmailFinderManager.swift in Sources */,
				958FE7C42C42AE7F00F2954D /* BaseViewController.swift in Sources */,
				95786E922C40239900F77146 /* LoginManager.swift in Sources */,
				959D94412C2F07A80014F086 /* PasswordResetManager.swift in Sources */,
				9542B63F2BCD6BEB0060E1BB /* LoginViewController.swift in Sources */,
				959D94472C2F07DD0014F086 /* PasswordResetView.swift in Sources */,
				9541D3762BD2AF8600B36977 /* ReservationView.swift in Sources */,
				959D94362C2EE0D40014F086 /* EmailResultView.swift in Sources */,
				9509C3BD2C3D409D00FE211E /* CoachSelectionViewController.swift in Sources */,
				95786E8E2C40233800F77146 /* LoginData.swift in Sources */,
				959D94382C2EE7C80014F086 /* EmailResultViewController.swift in Sources */,
				95B5C6712BCABE490067432A /* ViewController.swift in Sources */,
				9541D3732BD2AEB100B36977 /* MainTabBarController.swift in Sources */,
				95A0D43F2C43997B002A768B /* UserManager.swift in Sources */,
				958FE7CC2C42C33000F2954D /* HomeData.swift in Sources */,
				9541D37C2BD2AFC200B36977 /* ChallengeViewController.swift in Sources */,
				954F56962BD0AF8400288A7D /* Extension.swift in Sources */,
				954E1DF32C3FD4D3007D72B4 /* CoachSelectionManager.swift in Sources */,
				9542B6422BCD6C470060E1BB /* RegistrationViewController.swift in Sources */,
				959D943F2C2EF75E0014F086 /* EmailFinderData.swift in Sources */,
				958D42452C37DDEC00088EA3 /* ValidationUtility.swift in Sources */,
				9541D3822BD2AFEE00B36977 /* MyPageViewController.swift in Sources */,
				95EA47182BE25CCE00E6631B /* RoleSelectionViewController.swift in Sources */,
				9542B64A2BCD7FF10060E1BB /* RegistrationView.swift in Sources */,
				9541D37F2BD2AFD900B36977 /* ChallengeView.swift in Sources */,
				95786E902C40234100F77146 /* LoginModel.swift in Sources */,
				9541D3712BD2ACC400B36977 /* SceneDelegate.swift in Sources */,
				95A0D4422C43AD8E002A768B /* MyPageView.swift in Sources */,
				954E1DF72C3FD50C007D72B4 /* CoachSelectionModel.swift in Sources */,
				959D943D2C2EF7520014F086 /* EmailFinderModel.swift in Sources */,
				9541D3332BD29CCA00B36977 /* HomeViewController.swift in Sources */,
				957E3E192C344E0100936617 /* PasswordResetModel.swift in Sources */,
				959D94452C2F07C80014F086 /* PasswordResetData.swift in Sources */,
				958FE7C72C42C2BB00F2954D /* HomeManager.swift in Sources */,
				95A424102C3FC0BC00DDD571 /* CoachSelectionTableViewCell.swift in Sources */,
				95B661682C3D1D370091F241 /* RoleSelectionView.swift in Sources */,
				9541D3302BD29C0300B36977 /* HomeView.swift in Sources */,
				959D942B2C2C7A800014F086 /* RegistrationData.swift in Sources */,
				959B57592C412C02009428D7 /* AuthManager.swift in Sources */,
				95B661602C3D1C390091F241 /* RoleSelectionModel.swift in Sources */,
				95B661622C3D1C5F0091F241 /* RoleSelectionData.swift in Sources */,
				959B57562C41268D009428D7 /* AuthInterceptor.swift in Sources */,
				959D94292C2C7A650014F086 /* RegistrationModel.swift in Sources */,
				959D94212C2AEF100014F086 /* RegistrationManager.swift in Sources */,
				957E3E102C344D0600936617 /* EmailVerifyData.swift in Sources */,
				95B6616B2C3D309F0091F241 /* RoleSelectionButton.swift in Sources */,
				95A0D4442C43ADE9002A768B /* BaseView.swift in Sources */,
				957E3E152C344DD800936617 /* EmailVerifyModel.swift in Sources */,
				959D94312C2D66B80014F086 /* EmailFinderViewController.swift in Sources */,
				959B575B2C412C40009428D7 /* AuthData.swift in Sources */,
				9509C3BF2C3D40AE00FE211E /* CoachSelectionView.swift in Sources */,
				9541D3792BD2AFA000B36977 /* ReservationViewController.swift in Sources */,
				9542B6482BCD7FE40060E1BB /* LoginView.swift in Sources */,
				959D942F2C2D66070014F086 /* EmailFinderView.swift in Sources */,
				95786E8C2C40210B00F77146 /* KeychainHelper.swift in Sources */,
				959D94492C2F07F10014F086 /* PasswordResetViewController.swift in Sources */,
				95B5C66D2BCABE490067432A /* AppDelegate.swift in Sources */,
			);
			runOnlyForDeploymentPostprocessing = 0;
		};
		95B5C67B2BCABE4B0067432A /* Sources */ = {
			isa = PBXSourcesBuildPhase;
			buildActionMask = 2147483647;
			files = (
				95B5C6842BCABE4B0067432A /* VoQal_iOSTests.swift in Sources */,
			);
			runOnlyForDeploymentPostprocessing = 0;
		};
		95B5C6852BCABE4B0067432A /* Sources */ = {
			isa = PBXSourcesBuildPhase;
			buildActionMask = 2147483647;
			files = (
				95B5C6902BCABE4B0067432A /* VoQal_iOSUITestsLaunchTests.swift in Sources */,
				95B5C68E2BCABE4B0067432A /* VoQal_iOSUITests.swift in Sources */,
			);
			runOnlyForDeploymentPostprocessing = 0;
		};
/* End PBXSourcesBuildPhase section */

/* Begin PBXTargetDependency section */
		95B5C6812BCABE4B0067432A /* PBXTargetDependency */ = {
			isa = PBXTargetDependency;
			target = 95B5C6682BCABE490067432A /* VoQal_iOS */;
			targetProxy = 95B5C6802BCABE4B0067432A /* PBXContainerItemProxy */;
		};
		95B5C68B2BCABE4B0067432A /* PBXTargetDependency */ = {
			isa = PBXTargetDependency;
			target = 95B5C6682BCABE490067432A /* VoQal_iOS */;
			targetProxy = 95B5C68A2BCABE4B0067432A /* PBXContainerItemProxy */;
		};
/* End PBXTargetDependency section */

/* Begin PBXVariantGroup section */
		95B5C6772BCABE4B0067432A /* LaunchScreen.storyboard */ = {
			isa = PBXVariantGroup;
			children = (
				95B5C6782BCABE4B0067432A /* Base */,
			);
			name = LaunchScreen.storyboard;
			sourceTree = "<group>";
		};
/* End PBXVariantGroup section */

/* Begin XCBuildConfiguration section */
		95B5C6912BCABE4B0067432A /* Debug */ = {
			isa = XCBuildConfiguration;
			buildSettings = {
				ALWAYS_SEARCH_USER_PATHS = NO;
				CLANG_ANALYZER_NONNULL = YES;
				CLANG_ANALYZER_NUMBER_OBJECT_CONVERSION = YES_AGGRESSIVE;
				CLANG_CXX_LANGUAGE_STANDARD = "gnu++20";
				CLANG_ENABLE_MODULES = YES;
				CLANG_ENABLE_OBJC_ARC = YES;
				CLANG_ENABLE_OBJC_WEAK = YES;
				CLANG_WARN_BLOCK_CAPTURE_AUTORELEASING = YES;
				CLANG_WARN_BOOL_CONVERSION = YES;
				CLANG_WARN_COMMA = YES;
				CLANG_WARN_CONSTANT_CONVERSION = YES;
				CLANG_WARN_DEPRECATED_OBJC_IMPLEMENTATIONS = YES;
				CLANG_WARN_DIRECT_OBJC_ISA_USAGE = YES_ERROR;
				CLANG_WARN_DOCUMENTATION_COMMENTS = YES;
				CLANG_WARN_EMPTY_BODY = YES;
				CLANG_WARN_ENUM_CONVERSION = YES;
				CLANG_WARN_INFINITE_RECURSION = YES;
				CLANG_WARN_INT_CONVERSION = YES;
				CLANG_WARN_NON_LITERAL_NULL_CONVERSION = YES;
				CLANG_WARN_OBJC_IMPLICIT_RETAIN_SELF = YES;
				CLANG_WARN_OBJC_LITERAL_CONVERSION = YES;
				CLANG_WARN_OBJC_ROOT_CLASS = YES_ERROR;
				CLANG_WARN_QUOTED_INCLUDE_IN_FRAMEWORK_HEADER = YES;
				CLANG_WARN_RANGE_LOOP_ANALYSIS = YES;
				CLANG_WARN_STRICT_PROTOTYPES = YES;
				CLANG_WARN_SUSPICIOUS_MOVE = YES;
				CLANG_WARN_UNGUARDED_AVAILABILITY = YES_AGGRESSIVE;
				CLANG_WARN_UNREACHABLE_CODE = YES;
				CLANG_WARN__DUPLICATE_METHOD_MATCH = YES;
				COPY_PHASE_STRIP = NO;
				DEBUG_INFORMATION_FORMAT = dwarf;
				ENABLE_STRICT_OBJC_MSGSEND = YES;
				ENABLE_TESTABILITY = YES;
				GCC_C_LANGUAGE_STANDARD = gnu11;
				GCC_DYNAMIC_NO_PIC = NO;
				GCC_NO_COMMON_BLOCKS = YES;
				GCC_OPTIMIZATION_LEVEL = 0;
				GCC_PREPROCESSOR_DEFINITIONS = (
					"DEBUG=1",
					"$(inherited)",
				);
				GCC_WARN_64_TO_32_BIT_CONVERSION = YES;
				GCC_WARN_ABOUT_RETURN_TYPE = YES_ERROR;
				GCC_WARN_UNDECLARED_SELECTOR = YES;
				GCC_WARN_UNINITIALIZED_AUTOS = YES_AGGRESSIVE;
				GCC_WARN_UNUSED_FUNCTION = YES;
				GCC_WARN_UNUSED_VARIABLE = YES;
				IPHONEOS_DEPLOYMENT_TARGET = 16.4;
				MTL_ENABLE_DEBUG_INFO = INCLUDE_SOURCE;
				MTL_FAST_MATH = YES;
				ONLY_ACTIVE_ARCH = YES;
				SDKROOT = iphoneos;
				SWIFT_ACTIVE_COMPILATION_CONDITIONS = DEBUG;
				SWIFT_OPTIMIZATION_LEVEL = "-Onone";
			};
			name = Debug;
		};
		95B5C6922BCABE4B0067432A /* Release */ = {
			isa = XCBuildConfiguration;
			buildSettings = {
				ALWAYS_SEARCH_USER_PATHS = NO;
				CLANG_ANALYZER_NONNULL = YES;
				CLANG_ANALYZER_NUMBER_OBJECT_CONVERSION = YES_AGGRESSIVE;
				CLANG_CXX_LANGUAGE_STANDARD = "gnu++20";
				CLANG_ENABLE_MODULES = YES;
				CLANG_ENABLE_OBJC_ARC = YES;
				CLANG_ENABLE_OBJC_WEAK = YES;
				CLANG_WARN_BLOCK_CAPTURE_AUTORELEASING = YES;
				CLANG_WARN_BOOL_CONVERSION = YES;
				CLANG_WARN_COMMA = YES;
				CLANG_WARN_CONSTANT_CONVERSION = YES;
				CLANG_WARN_DEPRECATED_OBJC_IMPLEMENTATIONS = YES;
				CLANG_WARN_DIRECT_OBJC_ISA_USAGE = YES_ERROR;
				CLANG_WARN_DOCUMENTATION_COMMENTS = YES;
				CLANG_WARN_EMPTY_BODY = YES;
				CLANG_WARN_ENUM_CONVERSION = YES;
				CLANG_WARN_INFINITE_RECURSION = YES;
				CLANG_WARN_INT_CONVERSION = YES;
				CLANG_WARN_NON_LITERAL_NULL_CONVERSION = YES;
				CLANG_WARN_OBJC_IMPLICIT_RETAIN_SELF = YES;
				CLANG_WARN_OBJC_LITERAL_CONVERSION = YES;
				CLANG_WARN_OBJC_ROOT_CLASS = YES_ERROR;
				CLANG_WARN_QUOTED_INCLUDE_IN_FRAMEWORK_HEADER = YES;
				CLANG_WARN_RANGE_LOOP_ANALYSIS = YES;
				CLANG_WARN_STRICT_PROTOTYPES = YES;
				CLANG_WARN_SUSPICIOUS_MOVE = YES;
				CLANG_WARN_UNGUARDED_AVAILABILITY = YES_AGGRESSIVE;
				CLANG_WARN_UNREACHABLE_CODE = YES;
				CLANG_WARN__DUPLICATE_METHOD_MATCH = YES;
				COPY_PHASE_STRIP = NO;
				DEBUG_INFORMATION_FORMAT = "dwarf-with-dsym";
				ENABLE_NS_ASSERTIONS = NO;
				ENABLE_STRICT_OBJC_MSGSEND = YES;
				GCC_C_LANGUAGE_STANDARD = gnu11;
				GCC_NO_COMMON_BLOCKS = YES;
				GCC_WARN_64_TO_32_BIT_CONVERSION = YES;
				GCC_WARN_ABOUT_RETURN_TYPE = YES_ERROR;
				GCC_WARN_UNDECLARED_SELECTOR = YES;
				GCC_WARN_UNINITIALIZED_AUTOS = YES_AGGRESSIVE;
				GCC_WARN_UNUSED_FUNCTION = YES;
				GCC_WARN_UNUSED_VARIABLE = YES;
				IPHONEOS_DEPLOYMENT_TARGET = 16.4;
				MTL_ENABLE_DEBUG_INFO = NO;
				MTL_FAST_MATH = YES;
				SDKROOT = iphoneos;
				SWIFT_COMPILATION_MODE = wholemodule;
				SWIFT_OPTIMIZATION_LEVEL = "-O";
				VALIDATE_PRODUCT = YES;
			};
			name = Release;
		};
		95B5C6942BCABE4B0067432A /* Debug */ = {
			isa = XCBuildConfiguration;
			baseConfigurationReference = 215DBF6496A891757DAA0937 /* Pods-VoQal_iOS.debug.xcconfig */;
			buildSettings = {
				ASSETCATALOG_COMPILER_APPICON_NAME = AppIcon;
				ASSETCATALOG_COMPILER_GLOBAL_ACCENT_COLOR_NAME = AccentColor;
				CODE_SIGN_STYLE = Automatic;
				CURRENT_PROJECT_VERSION = 1;
				DEVELOPMENT_TEAM = R6V7ZUXR5H;
				GENERATE_INFOPLIST_FILE = YES;
				INFOPLIST_FILE = VoQal_iOS/Info.plist;
				INFOPLIST_KEY_UIApplicationSupportsIndirectInputEvents = YES;
				INFOPLIST_KEY_UILaunchStoryboardName = LaunchScreen;
				INFOPLIST_KEY_UISupportedInterfaceOrientations = "UIInterfaceOrientationLandscapeLeft UIInterfaceOrientationLandscapeRight UIInterfaceOrientationPortrait";
				INFOPLIST_KEY_UISupportedInterfaceOrientations_iPad = "UIInterfaceOrientationLandscapeLeft UIInterfaceOrientationLandscapeRight UIInterfaceOrientationPortrait UIInterfaceOrientationPortraitUpsideDown";
				LD_RUNPATH_SEARCH_PATHS = (
					"$(inherited)",
					"@executable_path/Frameworks",
				);
				MARKETING_VERSION = 1.0;
				PRODUCT_BUNDLE_IDENTIFIER = "com.sks5075.VoQal-iOS";
				PRODUCT_NAME = "$(TARGET_NAME)";
				SUPPORTED_PLATFORMS = "iphoneos iphonesimulator";
				SUPPORTS_MACCATALYST = NO;
				SUPPORTS_MAC_DESIGNED_FOR_IPHONE_IPAD = YES;
				SWIFT_EMIT_LOC_STRINGS = YES;
				SWIFT_VERSION = 5.0;
				TARGETED_DEVICE_FAMILY = 1;
			};
			name = Debug;
		};
		95B5C6952BCABE4B0067432A /* Release */ = {
			isa = XCBuildConfiguration;
			baseConfigurationReference = 595C8F653A23402C60B244A9 /* Pods-VoQal_iOS.release.xcconfig */;
			buildSettings = {
				ASSETCATALOG_COMPILER_APPICON_NAME = AppIcon;
				ASSETCATALOG_COMPILER_GLOBAL_ACCENT_COLOR_NAME = AccentColor;
				CODE_SIGN_STYLE = Automatic;
				CURRENT_PROJECT_VERSION = 1;
				DEVELOPMENT_TEAM = R6V7ZUXR5H;
				GENERATE_INFOPLIST_FILE = YES;
				INFOPLIST_FILE = VoQal_iOS/Info.plist;
				INFOPLIST_KEY_UIApplicationSupportsIndirectInputEvents = YES;
				INFOPLIST_KEY_UILaunchStoryboardName = LaunchScreen;
				INFOPLIST_KEY_UISupportedInterfaceOrientations = "UIInterfaceOrientationLandscapeLeft UIInterfaceOrientationLandscapeRight UIInterfaceOrientationPortrait";
				INFOPLIST_KEY_UISupportedInterfaceOrientations_iPad = "UIInterfaceOrientationLandscapeLeft UIInterfaceOrientationLandscapeRight UIInterfaceOrientationPortrait UIInterfaceOrientationPortraitUpsideDown";
				LD_RUNPATH_SEARCH_PATHS = (
					"$(inherited)",
					"@executable_path/Frameworks",
				);
				MARKETING_VERSION = 1.0;
				PRODUCT_BUNDLE_IDENTIFIER = "com.sks5075.VoQal-iOS";
				PRODUCT_NAME = "$(TARGET_NAME)";
				SUPPORTED_PLATFORMS = "iphoneos iphonesimulator";
				SUPPORTS_MACCATALYST = NO;
				SUPPORTS_MAC_DESIGNED_FOR_IPHONE_IPAD = YES;
				SWIFT_EMIT_LOC_STRINGS = YES;
				SWIFT_VERSION = 5.0;
				TARGETED_DEVICE_FAMILY = 1;
			};
			name = Release;
		};
		95B5C6972BCABE4B0067432A /* Debug */ = {
			isa = XCBuildConfiguration;
			baseConfigurationReference = F7C0DA43103FFB8E50C9692C /* Pods-VoQal_iOSTests.debug.xcconfig */;
			buildSettings = {
				ALWAYS_EMBED_SWIFT_STANDARD_LIBRARIES = YES;
				BUNDLE_LOADER = "$(TEST_HOST)";
				CODE_SIGN_STYLE = Automatic;
				CURRENT_PROJECT_VERSION = 1;
				DEVELOPMENT_TEAM = R6V7ZUXR5H;
				GENERATE_INFOPLIST_FILE = YES;
				IPHONEOS_DEPLOYMENT_TARGET = 16.4;
				MARKETING_VERSION = 1.0;
				PRODUCT_BUNDLE_IDENTIFIER = "com.sks5075.VoQal-iOSTests";
				PRODUCT_NAME = "$(TARGET_NAME)";
				SWIFT_EMIT_LOC_STRINGS = NO;
				SWIFT_VERSION = 5.0;
				TARGETED_DEVICE_FAMILY = "1,2";
				TEST_HOST = "$(BUILT_PRODUCTS_DIR)/VoQal_iOS.app/$(BUNDLE_EXECUTABLE_FOLDER_PATH)/VoQal_iOS";
			};
			name = Debug;
		};
		95B5C6982BCABE4B0067432A /* Release */ = {
			isa = XCBuildConfiguration;
			baseConfigurationReference = 219FBF3A04FF3D37D16F0B84 /* Pods-VoQal_iOSTests.release.xcconfig */;
			buildSettings = {
				ALWAYS_EMBED_SWIFT_STANDARD_LIBRARIES = YES;
				BUNDLE_LOADER = "$(TEST_HOST)";
				CODE_SIGN_STYLE = Automatic;
				CURRENT_PROJECT_VERSION = 1;
				DEVELOPMENT_TEAM = R6V7ZUXR5H;
				GENERATE_INFOPLIST_FILE = YES;
				IPHONEOS_DEPLOYMENT_TARGET = 16.4;
				MARKETING_VERSION = 1.0;
				PRODUCT_BUNDLE_IDENTIFIER = "com.sks5075.VoQal-iOSTests";
				PRODUCT_NAME = "$(TARGET_NAME)";
				SWIFT_EMIT_LOC_STRINGS = NO;
				SWIFT_VERSION = 5.0;
				TARGETED_DEVICE_FAMILY = "1,2";
				TEST_HOST = "$(BUILT_PRODUCTS_DIR)/VoQal_iOS.app/$(BUNDLE_EXECUTABLE_FOLDER_PATH)/VoQal_iOS";
			};
			name = Release;
		};
		95B5C69A2BCABE4B0067432A /* Debug */ = {
			isa = XCBuildConfiguration;
			baseConfigurationReference = 10D5975D97B6413ADA12ED72 /* Pods-VoQal_iOS-VoQal_iOSUITests.debug.xcconfig */;
			buildSettings = {
				ALWAYS_EMBED_SWIFT_STANDARD_LIBRARIES = YES;
				CODE_SIGN_STYLE = Automatic;
				CURRENT_PROJECT_VERSION = 1;
				DEVELOPMENT_TEAM = R6V7ZUXR5H;
				GENERATE_INFOPLIST_FILE = YES;
				MARKETING_VERSION = 1.0;
				PRODUCT_BUNDLE_IDENTIFIER = "com.sks5075.VoQal-iOSUITests";
				PRODUCT_NAME = "$(TARGET_NAME)";
				SWIFT_EMIT_LOC_STRINGS = NO;
				SWIFT_VERSION = 5.0;
				TARGETED_DEVICE_FAMILY = "1,2";
				TEST_TARGET_NAME = VoQal_iOS;
			};
			name = Debug;
		};
		95B5C69B2BCABE4B0067432A /* Release */ = {
			isa = XCBuildConfiguration;
			baseConfigurationReference = 2C4C567CB8CDF914213549FC /* Pods-VoQal_iOS-VoQal_iOSUITests.release.xcconfig */;
			buildSettings = {
				ALWAYS_EMBED_SWIFT_STANDARD_LIBRARIES = YES;
				CODE_SIGN_STYLE = Automatic;
				CURRENT_PROJECT_VERSION = 1;
				DEVELOPMENT_TEAM = R6V7ZUXR5H;
				GENERATE_INFOPLIST_FILE = YES;
				MARKETING_VERSION = 1.0;
				PRODUCT_BUNDLE_IDENTIFIER = "com.sks5075.VoQal-iOSUITests";
				PRODUCT_NAME = "$(TARGET_NAME)";
				SWIFT_EMIT_LOC_STRINGS = NO;
				SWIFT_VERSION = 5.0;
				TARGETED_DEVICE_FAMILY = "1,2";
				TEST_TARGET_NAME = VoQal_iOS;
			};
			name = Release;
		};
/* End XCBuildConfiguration section */

/* Begin XCConfigurationList section */
		95B5C6642BCABE490067432A /* Build configuration list for PBXProject "VoQal_iOS" */ = {
			isa = XCConfigurationList;
			buildConfigurations = (
				95B5C6912BCABE4B0067432A /* Debug */,
				95B5C6922BCABE4B0067432A /* Release */,
			);
			defaultConfigurationIsVisible = 0;
			defaultConfigurationName = Release;
		};
		95B5C6932BCABE4B0067432A /* Build configuration list for PBXNativeTarget "VoQal_iOS" */ = {
			isa = XCConfigurationList;
			buildConfigurations = (
				95B5C6942BCABE4B0067432A /* Debug */,
				95B5C6952BCABE4B0067432A /* Release */,
			);
			defaultConfigurationIsVisible = 0;
			defaultConfigurationName = Release;
		};
		95B5C6962BCABE4B0067432A /* Build configuration list for PBXNativeTarget "VoQal_iOSTests" */ = {
			isa = XCConfigurationList;
			buildConfigurations = (
				95B5C6972BCABE4B0067432A /* Debug */,
				95B5C6982BCABE4B0067432A /* Release */,
			);
			defaultConfigurationIsVisible = 0;
			defaultConfigurationName = Release;
		};
		95B5C6992BCABE4B0067432A /* Build configuration list for PBXNativeTarget "VoQal_iOSUITests" */ = {
			isa = XCConfigurationList;
			buildConfigurations = (
				95B5C69A2BCABE4B0067432A /* Debug */,
				95B5C69B2BCABE4B0067432A /* Release */,
			);
			defaultConfigurationIsVisible = 0;
			defaultConfigurationName = Release;
		};
/* End XCConfigurationList section */
	};
	rootObject = 95B5C6612BCABE490067432A /* Project object */;
}
